
Microsoft Visual Studio Solution File, Format Version 12.00
# Visual Studio Version 17
VisualStudioVersion = 17.9.34701.34
MinimumVisualStudioVersion = 10.0.40219.1
Project("{FAE04EC0-301F-11D3-BF4B-00C04F79EFBC}") = "Tabi", "Tabi\Tabi.csproj", "{D420DD75-6667-442D-8C4E-17B0FA0881A8}"
EndProject
Global
	GlobalSection(SolutionConfigurationPlatforms) = preSolution
		Debug|Any CPU = Debug|Any CPU
		Release|Any CPU = Release|Any CPU
	EndGlobalSection
	GlobalSection(ProjectConfigurationPlatforms) = postSolution
		{D420DD75-6667-442D-8C4E-17B0FA0881A8}.Debug|Any CPU.ActiveCfg = Debug|Any CPU
		{D420DD75-6667-442D-8C4E-17B0FA0881A8}.Debug|Any CPU.Build.0 = Debug|Any CPU
		{D420DD75-6667-442D-8C4E-17B0FA0881A8}.Release|Any CPU.ActiveCfg = Release|Any CPU
		{D420DD75-6667-442D-8C4E-17B0FA0881A8}.Release|Any CPU.Build.0 = Release|Any CPU
	EndGlobalSection
	GlobalSection(SolutionProperties) = preSolution
		HideSolutionNode = FALSE
	EndGlobalSection
	GlobalSection(ExtensibilityGlobals) = postSolution
		SolutionGuid = {AC2EB4BC-4C76-4096-9353-5EAE78E60201}
	EndGlobalSection
EndGlobal
